
Microsoft Visual Studio Solution File, Format Version 12.00
# Visual Studio Version 16
VisualStudioVersion = 16.0.31129.286
MinimumVisualStudioVersion = 10.0.40219.1
Project("{FAE04EC0-301F-11D3-BF4B-00C04F79EFBC}") = "FrameColorChange", "FrameColorChange\FrameColorChange\FrameColorChange.csproj", "{A3024B6F-4F50-465D-B423-BC8718D24DA0}"
EndProject
Project("{FAE04EC0-301F-11D3-BF4B-00C04F79EFBC}") = "FrameColorChange.Android", "FrameColorChange\FrameColorChange.Android\FrameColorChange.Android.csproj", "{CCE7A055-F2DE-43DD-BA61-54B00B5B4B58}"
EndProject
Global
	GlobalSection(SolutionConfigurationPlatforms) = preSolution
		Debug|Any CPU = Debug|Any CPU
		Release|Any CPU = Release|Any CPU
	EndGlobalSection
	GlobalSection(ProjectConfigurationPlatforms) = postSolution
		{A3024B6F-4F50-465D-B423-BC8718D24DA0}.Debug|Any CPU.ActiveCfg = Debug|Any CPU
		{A3024B6F-4F50-465D-B423-BC8718D24DA0}.Debug|Any CPU.Build.0 = Debug|Any CPU
		{A3024B6F-4F50-465D-B423-BC8718D24DA0}.Release|Any CPU.ActiveCfg = Release|Any CPU
		{A3024B6F-4F50-465D-B423-BC8718D24DA0}.Release|Any CPU.Build.0 = Release|Any CPU
		{CCE7A055-F2DE-43DD-BA61-54B00B5B4B58}.Debug|Any CPU.ActiveCfg = Debug|Any CPU
		{CCE7A055-F2DE-43DD-BA61-54B00B5B4B58}.Debug|Any CPU.Build.0 = Debug|Any CPU
		{CCE7A055-F2DE-43DD-BA61-54B00B5B4B58}.Debug|Any CPU.Deploy.0 = Debug|Any CPU
		{CCE7A055-F2DE-43DD-BA61-54B00B5B4B58}.Release|Any CPU.ActiveCfg = Release|Any CPU
		{CCE7A055-F2DE-43DD-BA61-54B00B5B4B58}.Release|Any CPU.Build.0 = Release|Any CPU
		{CCE7A055-F2DE-43DD-BA61-54B00B5B4B58}.Release|Any CPU.Deploy.0 = Release|Any CPU
	EndGlobalSection
	GlobalSection(SolutionProperties) = preSolution
		HideSolutionNode = FALSE
	EndGlobalSection
	GlobalSection(ExtensibilityGlobals) = postSolution
		SolutionGuid = {5E9A96A2-021A-429E-982A-8A1D322F3EC5}
	EndGlobalSection
EndGlobal
